
Microsoft Visual Studio Solution File, Format Version 12.00
# Visual Studio Version 17
VisualStudioVersion = 17.11.35327.3
MinimumVisualStudioVersion = 10.0.40219.1
Project("{FAE04EC0-301F-11D3-BF4B-00C04F79EFBC}") = "Calculator", "Calculator\Calculator.csproj", "{6BB0E436-FEC5-4FE5-90C2-20973CA27685}"
EndProject
Global
	GlobalSection(SolutionConfigurationPlatforms) = preSolution
		Debug|Any CPU = Debug|Any CPU
		Release|Any CPU = Release|Any CPU
	EndGlobalSection
	GlobalSection(ProjectConfigurationPlatforms) = postSolution
		{6BB0E436-FEC5-4FE5-90C2-20973CA27685}.Debug|Any CPU.ActiveCfg = Debug|Any CPU
		{6BB0E436-FEC5-4FE5-90C2-20973CA27685}.Debug|Any CPU.Build.0 = Debug|Any CPU
		{6BB0E436-FEC5-4FE5-90C2-20973CA27685}.Release|Any CPU.ActiveCfg = Release|Any CPU
		{6BB0E436-FEC5-4FE5-90C2-20973CA27685}.Release|Any CPU.Build.0 = Release|Any CPU
	EndGlobalSection
	GlobalSection(SolutionProperties) = preSolution
		HideSolutionNode = FALSE
	EndGlobalSection
	GlobalSection(ExtensibilityGlobals) = postSolution
		SolutionGuid = {F117EBD5-E47E-457F-BCE0-E84E989B9F31}
	EndGlobalSection
EndGlobal
